
Microsoft Visual Studio Solution File, Format Version 12.00
# Visual Studio Version 17
VisualStudioVersion = 17.11.35222.181
MinimumVisualStudioVersion = 10.0.40219.1
Project("{FAE04EC0-301F-11D3-BF4B-00C04F79EFBC}") = "2025_02_21", "2025_02_21\2025_02_21.csproj", "{1438A131-AAB6-4544-9BD1-2BAB512F37C7}"
EndProject
Global
	GlobalSection(SolutionConfigurationPlatforms) = preSolution
		Debug|Any CPU = Debug|Any CPU
		Release|Any CPU = Release|Any CPU
	EndGlobalSection
	GlobalSection(ProjectConfigurationPlatforms) = postSolution
		{1438A131-AAB6-4544-9BD1-2BAB512F37C7}.Debug|Any CPU.ActiveCfg = Debug|Any CPU
		{1438A131-AAB6-4544-9BD1-2BAB512F37C7}.Debug|Any CPU.Build.0 = Debug|Any CPU
		{1438A131-AAB6-4544-9BD1-2BAB512F37C7}.Release|Any CPU.ActiveCfg = Release|Any CPU
		{1438A131-AAB6-4544-9BD1-2BAB512F37C7}.Release|Any CPU.Build.0 = Release|Any CPU
	EndGlobalSection
	GlobalSection(SolutionProperties) = preSolution
		HideSolutionNode = FALSE
	EndGlobalSection
	GlobalSection(ExtensibilityGlobals) = postSolution
		SolutionGuid = {F7752D9C-6FA3-471C-A530-A9EC7FF39413}
	EndGlobalSection
EndGlobal
